// !$*UTF8*$!
{
	archiveVersion = 1;
	classes = {
	};
	objectVersion = 60;
	objects = {

/* Begin PBXBuildFile section */
		AAAA0004000000000000001A /* BoseConnectApp.swift in Sources */ = {isa = PBXBuildFile; fileRef = AAAA0003000000000000001A /* BoseConnectApp.swift */; };
		AAAA0006000000000000001A /* BoseController.swift in Sources */ = {isa = PBXBuildFile; fileRef = AAAA0005000000000000001A /* BoseController.swift */; };
		AAAA0008000000000000001A /* ContentView.swift in Sources */ = {isa = PBXBuildFile; fileRef = AAAA0007000000000000001A /* ContentView.swift */; };
		AAAA000A000000000000001A /* Assets.xcassets in Resources */ = {isa = PBXBuildFile; fileRef = AAAA0009000000000000001A /* Assets.xcassets */; };
/* End PBXBuildFile section */

/* Begin PBXFileReference section */
		AAAA0003000000000000001A /* BoseConnectApp.swift */ = {isa = PBXFileReference; lastKnownFileType = sourcecode.swift; path = BoseConnectApp.swift; sourceTree = "<group>"; };
		AAAA0005000000000000001A /* BoseController.swift */ = {isa = PBXFileReference; lastKnownFileType = sourcecode.swift; path = BoseController.swift; sourceTree = "<group>"; };
		AAAA0007000000000000001A /* ContentView.swift */ = {isa = PBXFileReference; lastKnownFileType = sourcecode.swift; path = ContentView.swift; sourceTree = "<group>"; };
		AAAA0009000000000000001A /* Assets.xcassets */ = {isa = PBXFileReference; lastKnownFileType = folder.assetcatalog; path = Assets.xcassets; sourceTree = "<group>"; };
		AAAA000B000000000000001A /* Info.plist */ = {isa = PBXFileReference; lastKnownFileType = text.plist.xml; path = Info.plist; sourceTree = "<group>"; };
		AAAA0012000000000000001A /* BoseConnect.app */ = {isa = PBXFileReference; explicitFileType = wrapper.application; includeInIndex = 0; path = BoseConnect.app; sourceTree = BUILT_PRODUCTS_DIR; };
/* End PBXFileReference section */

/* Begin PBXFrameworksBuildPhase section */
		AAAA000E000000000000001A /* Frameworks */ = {
			isa = PBXFrameworksBuildPhase;
			buildActionMask = 2147483647;
			files = (
			);
			runOnlyForDeploymentPostprocessing = 0;
		};
/* End PBXFrameworksBuildPhase section */

/* Begin PBXGroup section */
		AAAA000F000000000000001A = {
			isa = PBXGroup;
			children = (
				AAAA0010000000000000001A /* BoseConnect */,
				AAAA0011000000000000001A /* Products */,
			);
			sourceTree = "<group>";
		};
		AAAA0010000000000000001A /* BoseConnect */ = {
			isa = PBXGroup;
			children = (
				AAAA0003000000000000001A /* BoseConnectApp.swift */,
				AAAA0005000000000000001A /* BoseController.swift */,
				AAAA0007000000000000001A /* ContentView.swift */,
				AAAA0009000000000000001A /* Assets.xcassets */,
				AAAA000B000000000000001A /* Info.plist */,
			);
			path = BoseConnect;
			sourceTree = "<group>";
		};
		AAAA0011000000000000001A /* Products */ = {
			isa = PBXGroup;
			children = (
				AAAA0012000000000000001A /* BoseConnect.app */,
			);
			name = Products;
			sourceTree = "<group>";
		};
/* End PBXGroup section */

/* Begin PBXNativeTarget section */
		AAAA0002000000000000001A /* BoseConnect */ = {
			isa = PBXNativeTarget;
			buildConfigurationList = AAAA0018000000000000001A /* Build configuration list for PBXNativeTarget "BoseConnect" */;
			buildPhases = (
				AAAA000C000000000000001A /* Sources */,
				AAAA000D000000000000001A /* Resources */,
				AAAA000E000000000000001A /* Frameworks */,
			);
			buildRules = (
			);
			dependencies = (
			);
			name = BoseConnect;
			productName = BoseConnect;
			productReference = AAAA0012000000000000001A /* BoseConnect.app */;
			productType = "com.apple.product-type.application";
		};
/* End PBXNativeTarget section */

/* Begin PBXProject section */
		AAAA0001000000000000001A /* Project object */ = {
			isa = PBXProject;
			attributes = {
				BuildIndependentTargetsInParallel = 1;
				LastSwiftUpdateCheck = 1600;
				LastUpgradeCheck = 1600;
				TargetAttributes = {
					AAAA0002000000000000001A = {
						CreatedOnToolsVersion = 16.0;
					};
				};
			};
			buildConfigurationList = AAAA0017000000000000001A /* Build configuration list for PBXProject "BoseConnect" */;
			compatibilityVersion = "Xcode 14.0";
			developmentRegion = en;
			hasScannedForEncodings = 0;
			knownRegions = (
				en,
				Base,
			);
			mainGroup = AAAA000F000000000000001A;
			productRefGroup = AAAA0011000000000000001A /* Products */;
			projectDirPath = "";
			projectRoot = "";
			targets = (
				AAAA0002000000000000001A /* BoseConnect */,
			);
		};
/* End PBXProject section */

/* Begin PBXResourcesBuildPhase section */
		AAAA000D000000000000001A /* Resources */ = {
			isa = PBXResourcesBuildPhase;
			buildActionMask = 2147483647;
			files = (
				AAAA000A000000000000001A /* Assets.xcassets in Resources */,
			);
			runOnlyForDeploymentPostprocessing = 0;
		};
/* End PBXResourcesBuildPhase section */

/* Begin PBXSourcesBuildPhase section */
		AAAA000C000000000000001A /* Sources */ = {
			isa = PBXSourcesBuildPhase;
			buildActionMask = 2147483647;
			files = (
				AAAA0004000000000000001A /* BoseConnectApp.swift in Sources */,
				AAAA0006000000000000001A /* BoseController.swift in Sources */,
				AAAA0008000000000000001A /* ContentView.swift in Sources */,
			);
			runOnlyForDeploymentPostprocessing = 0;
		};
/* End PBXSourcesBuildPhase section */

/* Begin XCBuildConfiguration section */
		AAAA0013000000000000001A /* Debug */ = {
			isa = XCBuildConfiguration;
			buildSettings = {
				ALWAYS_SEARCH_USER_PATHS = NO;
				CLANG_ENABLE_MODULES = YES;
				CLANG_ENABLE_OBJC_ARC = YES;
				COPY_PHASE_STRIP = NO;
				DEBUG_INFORMATION_FORMAT = dwarf;
				ENABLE_TESTABILITY = YES;
				GCC_OPTIMIZATION_LEVEL = 0;
				GCC_PREPROCESSOR_DEFINITIONS = (
					"DEBUG=1",
					"$(inherited)",
				);
				MACOSX_DEPLOYMENT_TARGET = 13.0;
				ONLY_ACTIVE_ARCH = YES;
				SDKROOT = macosx;
				SWIFT_ACTIVE_COMPILATION_CONDITIONS = "DEBUG $(inherited)";
				SWIFT_OPTIMIZATION_LEVEL = "-Onone";
			};
			name = Debug;
		};
		AAAA0014000000000000001A /* Release */ = {
			isa = XCBuildConfiguration;
			buildSettings = {
				ALWAYS_SEARCH_USER_PATHS = NO;
				CLANG_ENABLE_MODULES = YES;
				CLANG_ENABLE_OBJC_ARC = YES;
				COPY_PHASE_STRIP = NO;
				DEBUG_INFORMATION_FORMAT = "dwarf-with-dsym";
				ENABLE_NS_ASSERTIONS = NO;
				MACOSX_DEPLOYMENT_TARGET = 13.0;
				SDKROOT = macosx;
				SWIFT_COMPILATION_MODE = wholemodule;
			};
			name = Release;
		};
		AAAA0015000000000000001A /* Debug */ = {
			isa = XCBuildConfiguration;
			buildSettings = {
				ASSETCATALOG_COMPILER_APPICON_NAME = AppIcon;
				ASSETCATALOG_COMPILER_GLOBAL_ACCENT_COLOR_NAME = AccentColor;
				CODE_SIGN_STYLE = Automatic;
				COMBINE_HIDPI_IMAGES = YES;
				CURRENT_PROJECT_VERSION = 1;
				DEVELOPMENT_TEAM = "";
				ENABLE_HARDENED_RUNTIME = YES;
				GENERATE_INFOPLIST_FILE = NO;
				INFOPLIST_FILE = BoseConnect/Info.plist;
				LD_RUNPATH_SEARCH_PATHS = (
					"$(inherited)",
					"@executable_path/../Frameworks",
				);
				MARKETING_VERSION = 1.0;
				PRODUCT_BUNDLE_IDENTIFIER = com.pulkit.BoseConnect;
				PRODUCT_NAME = "$(TARGET_NAME)";
				SWIFT_EMIT_LOC_STRINGS = YES;
				SWIFT_VERSION = 5.0;
			};
			name = Debug;
		};
		AAAA0016000000000000001A /* Release */ = {
			isa = XCBuildConfiguration;
			buildSettings = {
				ASSETCATALOG_COMPILER_APPICON_NAME = AppIcon;
				ASSETCATALOG_COMPILER_GLOBAL_ACCENT_COLOR_NAME = AccentColor;
				CODE_SIGN_STYLE = Automatic;
				COMBINE_HIDPI_IMAGES = YES;
				CURRENT_PROJECT_VERSION = 1;
				DEVELOPMENT_TEAM = "";
				ENABLE_HARDENED_RUNTIME = YES;
				GENERATE_INFOPLIST_FILE = NO;
				INFOPLIST_FILE = BoseConnect/Info.plist;
				LD_RUNPATH_SEARCH_PATHS = (
					"$(inherited)",
					"@executable_path/../Frameworks",
				);
				MARKETING_VERSION = 1.0;
				PRODUCT_BUNDLE_IDENTIFIER = com.pulkit.BoseConnect;
				PRODUCT_NAME = "$(TARGET_NAME)";
				SWIFT_EMIT_LOC_STRINGS = YES;
				SWIFT_VERSION = 5.0;
			};
			name = Release;
		};
/* End XCBuildConfiguration section */

/* Begin XCConfigurationList section */
		AAAA0017000000000000001A /* Build configuration list for PBXProject "BoseConnect" */ = {
			isa = XCConfigurationList;
			buildConfigurations = (
				AAAA0013000000000000001A /* Debug */,
				AAAA0014000000000000001A /* Release */,
			);
			defaultConfigurationIsVisible = 0;
			defaultConfigurationName = Release;
		};
		AAAA0018000000000000001A /* Build configuration list for PBXNativeTarget "BoseConnect" */ = {
			isa = XCConfigurationList;
			buildConfigurations = (
				AAAA0015000000000000001A /* Debug */,
				AAAA0016000000000000001A /* Release */,
			);
			defaultConfigurationIsVisible = 0;
			defaultConfigurationName = Release;
		};
/* End XCConfigurationList section */
	};
	rootObject = AAAA0001000000000000001A /* Project object */;
}
